{
  "name": "rightshift",
  "lockfileVersion": 2,
  "requires": true,
  "packages": {
    "": {
      "dependencies": {
        "react-icons": "^4.11.0"
      }
    },
    "node_modules/js-tokens": {
      "version": "4.0.0",
      "resolved": "https://domoreexp.pkgs.visualstudio.com/_packaging/npm-mirror/npm/registry/js-tokens/-/js-tokens-4.0.0.tgz",
      "integrity": "sha1-GSA/tZmR35jjoocFDUZHzerzJJk=",
      "license": "MIT",
      "peer": true
    },
    "node_modules/loose-envify": {
      "version": "1.4.0",
      "resolved": "https://domoreexp.pkgs.visualstudio.com/_packaging/npm-mirror/npm/registry/loose-envify/-/loose-envify-1.4.0.tgz",
      "integrity": "sha1-ce5R+nvkyuwaY4OffmgtgTLTDK8=",
      "license": "MIT",
      "peer": true,
      "dependencies": {
        "js-tokens": "^3.0.0 || ^4.0.0"
      },
      "bin": {
        "loose-envify": "cli.js"
      }
    },
    "node_modules/react": {
      "version": "18.2.0",
      "resolved": "https://domoreexp.pkgs.visualstudio.com/_packaging/npm-mirror/npm/registry/react/-/react-18.2.0.tgz",
      "integrity": "sha1-VVvZhZKIMlX6AN4U8RUakXtdd9U=",
      "license": "MIT",
      "peer": true,
      "dependencies": {
        "loose-envify": "^1.1.0"
      },
      "engines": {
        "node": ">=0.10.0"
      }
    },
    "node_modules/react-icons": {
      "version": "4.11.0",
      "resolved": "https://domoreexp.pkgs.visualstudio.com/_packaging/npm-mirror/npm/registry/react-icons/-/react-icons-4.11.0.tgz",
      "integrity": "sha1-Sw4xyb/JGWCAlcxCnE8YRvTWbGU=",
      "license": "MIT",
      "peerDependencies": {
        "react": "*"
      }
    }
  },
  "dependencies": {
    "js-tokens": {
      "version": "4.0.0",
      "resolved": "https://domoreexp.pkgs.visualstudio.com/_packaging/npm-mirror/npm/registry/js-tokens/-/js-tokens-4.0.0.tgz",
      "integrity": "sha1-GSA/tZmR35jjoocFDUZHzerzJJk=",
      "peer": true
    },
    "loose-envify": {
      "version": "1.4.0",
      "resolved": "https://domoreexp.pkgs.visualstudio.com/_packaging/npm-mirror/npm/registry/loose-envify/-/loose-envify-1.4.0.tgz",
      "integrity": "sha1-ce5R+nvkyuwaY4OffmgtgTLTDK8=",
      "peer": true,
      "requires": {
        "js-tokens": "^3.0.0 || ^4.0.0"
      }
    },
    "react": {
      "version": "18.2.0",
      "resolved": "https://domoreexp.pkgs.visualstudio.com/_packaging/npm-mirror/npm/registry/react/-/react-18.2.0.tgz",
      "integrity": "sha1-VVvZhZKIMlX6AN4U8RUakXtdd9U=",
      "peer": true,
      "requires": {
        "loose-envify": "^1.1.0"
      }
    },
    "react-icons": {
      "version": "4.11.0",
      "resolved": "https://domoreexp.pkgs.visualstudio.com/_packaging/npm-mirror/npm/registry/react-icons/-/react-icons-4.11.0.tgz",
      "integrity": "sha1-Sw4xyb/JGWCAlcxCnE8YRvTWbGU=",
      "requires": {}
    }
  }
}
